
Microsoft Visual Studio Solution File, Format Version 12.00
# Visual Studio Version 17
VisualStudioVersion = 17.4.33213.308
MinimumVisualStudioVersion = 10.0.40219.1
Project("{FAE04EC0-301F-11D3-BF4B-00C04F79EFBC}") = "RoomLibary", "RoomLibary\RoomLibary.csproj", "{AB4D13A0-39C4-487E-BA84-3D28F93700B0}"
EndProject
Global
	GlobalSection(SolutionConfigurationPlatforms) = preSolution
		Debug|Any CPU = Debug|Any CPU
		Release|Any CPU = Release|Any CPU
	EndGlobalSection
	GlobalSection(ProjectConfigurationPlatforms) = postSolution
		{AB4D13A0-39C4-487E-BA84-3D28F93700B0}.Debug|Any CPU.ActiveCfg = Debug|Any CPU
		{AB4D13A0-39C4-487E-BA84-3D28F93700B0}.Debug|Any CPU.Build.0 = Debug|Any CPU
		{AB4D13A0-39C4-487E-BA84-3D28F93700B0}.Release|Any CPU.ActiveCfg = Release|Any CPU
		{AB4D13A0-39C4-487E-BA84-3D28F93700B0}.Release|Any CPU.Build.0 = Release|Any CPU
	EndGlobalSection
	GlobalSection(SolutionProperties) = preSolution
		HideSolutionNode = FALSE
	EndGlobalSection
	GlobalSection(ExtensibilityGlobals) = postSolution
		SolutionGuid = {B0A8F41B-4F59-40CB-927C-0CE771545A2A}
	EndGlobalSection
EndGlobal
